
Microsoft Visual Studio Solution File, Format Version 12.00
# Visual Studio Version 16
VisualStudioVersion = 16.0.29509.3
MinimumVisualStudioVersion = 10.0.40219.1
Project("{FAE04EC0-301F-11D3-BF4B-00C04F79EFBC}") = "Secure Container", "Secure Container\Secure Container.csproj", "{B7A111FC-4F14-4AAA-AB40-8DF7CD1B4A0C}"
EndProject
Global
	GlobalSection(SolutionConfigurationPlatforms) = preSolution
		Debug|Any CPU = Debug|Any CPU
		Release|Any CPU = Release|Any CPU
	EndGlobalSection
	GlobalSection(ProjectConfigurationPlatforms) = postSolution
		{B7A111FC-4F14-4AAA-AB40-8DF7CD1B4A0C}.Debug|Any CPU.ActiveCfg = Debug|Any CPU
		{B7A111FC-4F14-4AAA-AB40-8DF7CD1B4A0C}.Debug|Any CPU.Build.0 = Debug|Any CPU
		{B7A111FC-4F14-4AAA-AB40-8DF7CD1B4A0C}.Release|Any CPU.ActiveCfg = Release|Any CPU
		{B7A111FC-4F14-4AAA-AB40-8DF7CD1B4A0C}.Release|Any CPU.Build.0 = Release|Any CPU
	EndGlobalSection
	GlobalSection(SolutionProperties) = preSolution
		HideSolutionNode = FALSE
	EndGlobalSection
	GlobalSection(ExtensibilityGlobals) = postSolution
		SolutionGuid = {2549FBC9-C02C-40A4-9B6E-F9E20463A104}
	EndGlobalSection
EndGlobal
