
Microsoft Visual Studio Solution File, Format Version 12.00
# Visual Studio Version 16
VisualStudioVersion = 16.0.29509.3
MinimumVisualStudioVersion = 10.0.40219.1
Project("{FAE04EC0-301F-11D3-BF4B-00C04F79EFBC}") = "ProgramAlarm", "ProgramAlarm\ProgramAlarm.csproj", "{9C29C7FF-8EAC-4BB6-A343-C1274DFDD7B8}"
EndProject
Global
	GlobalSection(SolutionConfigurationPlatforms) = preSolution
		Debug|Any CPU = Debug|Any CPU
		Release|Any CPU = Release|Any CPU
	EndGlobalSection
	GlobalSection(ProjectConfigurationPlatforms) = postSolution
		{9C29C7FF-8EAC-4BB6-A343-C1274DFDD7B8}.Debug|Any CPU.ActiveCfg = Debug|Any CPU
		{9C29C7FF-8EAC-4BB6-A343-C1274DFDD7B8}.Debug|Any CPU.Build.0 = Debug|Any CPU
		{9C29C7FF-8EAC-4BB6-A343-C1274DFDD7B8}.Release|Any CPU.ActiveCfg = Release|Any CPU
		{9C29C7FF-8EAC-4BB6-A343-C1274DFDD7B8}.Release|Any CPU.Build.0 = Release|Any CPU
	EndGlobalSection
	GlobalSection(SolutionProperties) = preSolution
		HideSolutionNode = FALSE
	EndGlobalSection
	GlobalSection(ExtensibilityGlobals) = postSolution
		SolutionGuid = {348C331A-6784-4D68-BEE4-B6C5D75C8111}
	EndGlobalSection
EndGlobal
